// !$*UTF8*$!
{
	archiveVersion = 1;
	classes = {
	};
	objectVersion = 46;
	objects = {

/* Begin PBXBuildFile section */
		1A9180431AD5700B001AC49B /* main.m in Sources */ = {isa = PBXBuildFile; fileRef = 1A9180421AD5700B001AC49B /* main.m */; };
		1A9180511AD57CE9001AC49B /* Person.m in Sources */ = {isa = PBXBuildFile; fileRef = 1A9180501AD57CE9001AC49B /* Person.m */; };
/* End PBXBuildFile section */

/* Begin PBXCopyFilesBuildPhase section */
		1A91803D1AD5700B001AC49B /* CopyFiles */ = {
			isa = PBXCopyFilesBuildPhase;
			buildActionMask = 2147483647;
			dstPath = /usr/share/man/man1/;
			dstSubfolderSpec = 0;
			files = (
			);
			runOnlyForDeploymentPostprocessing = 1;
		};
/* End PBXCopyFilesBuildPhase section */

/* Begin PBXFileReference section */
		1A91803F1AD5700B001AC49B /* Fuctions */ = {isa = PBXFileReference; explicitFileType = "compiled.mach-o.executable"; includeInIndex = 0; path = Fuctions; sourceTree = BUILT_PRODUCTS_DIR; };
		1A9180421AD5700B001AC49B /* main.m */ = {isa = PBXFileReference; lastKnownFileType = sourcecode.c.objc; path = main.m; sourceTree = "<group>"; };
		1A91804F1AD57CE9001AC49B /* Person.h */ = {isa = PBXFileReference; fileEncoding = 4; lastKnownFileType = sourcecode.c.h; name = Person.h; path = Fuctions/Model/Person.h; sourceTree = "<group>"; };
		1A9180501AD57CE9001AC49B /* Person.m */ = {isa = PBXFileReference; fileEncoding = 4; lastKnownFileType = sourcecode.c.objc; name = Person.m; path = Fuctions/Model/Person.m; sourceTree = "<group>"; };
/* End PBXFileReference section */

/* Begin PBXFrameworksBuildPhase section */
		1A91803C1AD5700B001AC49B /* Frameworks */ = {
			isa = PBXFrameworksBuildPhase;
			buildActionMask = 2147483647;
			files = (
			);
			runOnlyForDeploymentPostprocessing = 0;
		};
/* End PBXFrameworksBuildPhase section */

/* Begin PBXGroup section */
		1A9180361AD5700B001AC49B = {
			isa = PBXGroup;
			children = (
				1A9180521AD57F02001AC49B /* Model */,
				1A9180411AD5700B001AC49B /* Fuctions */,
				1A9180401AD5700B001AC49B /* Products */,
			);
			sourceTree = "<group>";
		};
		1A9180401AD5700B001AC49B /* Products */ = {
			isa = PBXGroup;
			children = (
				1A91803F1AD5700B001AC49B /* Fuctions */,
			);
			name = Products;
			sourceTree = "<group>";
		};
		1A9180411AD5700B001AC49B /* Fuctions */ = {
			isa = PBXGroup;
			children = (
				1A9180421AD5700B001AC49B /* main.m */,
			);
			path = Fuctions;
			sourceTree = "<group>";
		};
		1A9180521AD57F02001AC49B /* Model */ = {
			isa = PBXGroup;
			children = (
				1A91804F1AD57CE9001AC49B /* Person.h */,
				1A9180501AD57CE9001AC49B /* Person.m */,
			);
			name = Model;
			sourceTree = "<group>";
		};
/* End PBXGroup section */

/* Begin PBXNativeTarget section */
		1A91803E1AD5700B001AC49B /* Fuctions */ = {
			isa = PBXNativeTarget;
			buildConfigurationList = 1A9180461AD5700B001AC49B /* Build configuration list for PBXNativeTarget "Fuctions" */;
			buildPhases = (
				1A91803B1AD5700B001AC49B /* Sources */,
				1A91803C1AD5700B001AC49B /* Frameworks */,
				1A91803D1AD5700B001AC49B /* CopyFiles */,
			);
			buildRules = (
			);
			dependencies = (
			);
			name = Fuctions;
			productName = Fuctions;
			productReference = 1A91803F1AD5700B001AC49B /* Fuctions */;
			productType = "com.apple.product-type.tool";
		};
/* End PBXNativeTarget section */

/* Begin PBXProject section */
		1A9180371AD5700B001AC49B /* Project object */ = {
			isa = PBXProject;
			attributes = {
				LastUpgradeCheck = 0620;
				ORGANIZATIONNAME = "Yung Dai";
				TargetAttributes = {
					1A91803E1AD5700B001AC49B = {
						CreatedOnToolsVersion = 6.2;
					};
				};
			};
			buildConfigurationList = 1A91803A1AD5700B001AC49B /* Build configuration list for PBXProject "Fuctions" */;
			compatibilityVersion = "Xcode 3.2";
			developmentRegion = English;
			hasScannedForEncodings = 0;
			knownRegions = (
				en,
			);
			mainGroup = 1A9180361AD5700B001AC49B;
			productRefGroup = 1A9180401AD5700B001AC49B /* Products */;
			projectDirPath = "";
			projectRoot = "";
			targets = (
				1A91803E1AD5700B001AC49B /* Fuctions */,
			);
		};
/* End PBXProject section */

/* Begin PBXSourcesBuildPhase section */
		1A91803B1AD5700B001AC49B /* Sources */ = {
			isa = PBXSourcesBuildPhase;
			buildActionMask = 2147483647;
			files = (
				1A9180511AD57CE9001AC49B /* Person.m in Sources */,
				1A9180431AD5700B001AC49B /* main.m in Sources */,
			);
			runOnlyForDeploymentPostprocessing = 0;
		};
/* End PBXSourcesBuildPhase section */

/* Begin XCBuildConfiguration section */
		1A9180441AD5700B001AC49B /* Debug */ = {
			isa = XCBuildConfiguration;
			buildSettings = {
				ALWAYS_SEARCH_USER_PATHS = NO;
				CLANG_CXX_LANGUAGE_STANDARD = "gnu++0x";
				CLANG_CXX_LIBRARY = "libc++";
				CLANG_ENABLE_MODULES = YES;
				CLANG_ENABLE_OBJC_ARC = YES;
				CLANG_WARN_BOOL_CONVERSION = YES;
				CLANG_WARN_CONSTANT_CONVERSION = YES;
				CLANG_WARN_DIRECT_OBJC_ISA_USAGE = YES_ERROR;
				CLANG_WARN_EMPTY_BODY = YES;
				CLANG_WARN_ENUM_CONVERSION = YES;
				CLANG_WARN_INT_CONVERSION = YES;
				CLANG_WARN_OBJC_ROOT_CLASS = YES_ERROR;
				CLANG_WARN_UNREACHABLE_CODE = YES;
				CLANG_WARN__DUPLICATE_METHOD_MATCH = YES;
				COPY_PHASE_STRIP = NO;
				ENABLE_STRICT_OBJC_MSGSEND = YES;
				GCC_C_LANGUAGE_STANDARD = gnu99;
				GCC_DYNAMIC_NO_PIC = NO;
				GCC_OPTIMIZATION_LEVEL = 0;
				GCC_PREPROCESSOR_DEFINITIONS = (
					"DEBUG=1",
					"$(inherited)",
				);
				GCC_SYMBOLS_PRIVATE_EXTERN = NO;
				GCC_WARN_64_TO_32_BIT_CONVERSION = YES;
				GCC_WARN_ABOUT_RETURN_TYPE = YES_ERROR;
				GCC_WARN_UNDECLARED_SELECTOR = YES;
				GCC_WARN_UNINITIALIZED_AUTOS = YES_AGGRESSIVE;
				GCC_WARN_UNUSED_FUNCTION = YES;
				GCC_WARN_UNUSED_VARIABLE = YES;
				MACOSX_DEPLOYMENT_TARGET = 10.10;
				MTL_ENABLE_DEBUG_INFO = YES;
				ONLY_ACTIVE_ARCH = YES;
				SDKROOT = macosx;
			};
			name = Debug;
		};
		1A9180451AD5700B001AC49B /* Release */ = {
			isa = XCBuildConfiguration;
			buildSettings = {
				ALWAYS_SEARCH_USER_PATHS = NO;
				CLANG_CXX_LANGUAGE_STANDARD = "gnu++0x";
				CLANG_CXX_LIBRARY = "libc++";
				CLANG_ENABLE_MODULES = YES;
				CLANG_ENABLE_OBJC_ARC = YES;
				CLANG_WARN_BOOL_CONVERSION = YES;
				CLANG_WARN_CONSTANT_CONVERSION = YES;
				CLANG_WARN_DIRECT_OBJC_ISA_USAGE = YES_ERROR;
				CLANG_WARN_EMPTY_BODY = YES;
				CLANG_WARN_ENUM_CONVERSION = YES;
				CLANG_WARN_INT_CONVERSION = YES;
				CLANG_WARN_OBJC_ROOT_CLASS = YES_ERROR;
				CLANG_WARN_UNREACHABLE_CODE = YES;
				CLANG_WARN__DUPLICATE_METHOD_MATCH = YES;
				COPY_PHASE_STRIP = NO;
				DEBUG_INFORMATION_FORMAT = "dwarf-with-dsym";
				ENABLE_NS_ASSERTIONS = NO;
				ENABLE_STRICT_OBJC_MSGSEND = YES;
				GCC_C_LANGUAGE_STANDARD = gnu99;
				GCC_WARN_64_TO_32_BIT_CONVERSION = YES;
				GCC_WARN_ABOUT_RETURN_TYPE = YES_ERROR;
				GCC_WARN_UNDECLARED_SELECTOR = YES;
				GCC_WARN_UNINITIALIZED_AUTOS = YES_AGGRESSIVE;
				GCC_WARN_UNUSED_FUNCTION = YES;
				GCC_WARN_UNUSED_VARIABLE = YES;
				MACOSX_DEPLOYMENT_TARGET = 10.10;
				MTL_ENABLE_DEBUG_INFO = NO;
				SDKROOT = macosx;
			};
			name = Release;
		};
		1A9180471AD5700B001AC49B /* Debug */ = {
			isa = XCBuildConfiguration;
			buildSettings = {
				PRODUCT_NAME = "$(TARGET_NAME)";
			};
			name = Debug;
		};
		1A9180481AD5700B001AC49B /* Release */ = {
			isa = XCBuildConfiguration;
			buildSettings = {
				PRODUCT_NAME = "$(TARGET_NAME)";
			};
			name = Release;
		};
/* End XCBuildConfiguration section */

/* Begin XCConfigurationList section */
		1A91803A1AD5700B001AC49B /* Build configuration list for PBXProject "Fuctions" */ = {
			isa = XCConfigurationList;
			buildConfigurations = (
				1A9180441AD5700B001AC49B /* Debug */,
				1A9180451AD5700B001AC49B /* Release */,
			);
			defaultConfigurationIsVisible = 0;
			defaultConfigurationName = Release;
		};
		1A9180461AD5700B001AC49B /* Build configuration list for PBXNativeTarget "Fuctions" */ = {
			isa = XCConfigurationList;
			buildConfigurations = (
				1A9180471AD5700B001AC49B /* Debug */,
				1A9180481AD5700B001AC49B /* Release */,
			);
			defaultConfigurationIsVisible = 0;
		};
/* End XCConfigurationList section */
	};
	rootObject = 1A9180371AD5700B001AC49B /* Project object */;
}
